<Solution>
  <Folder Name="/src/">
    <Project Path="src/DeepSeek.Harness.Desktop/DeepSeek.Harness.Desktop.csproj" />
    <Project Path="src/DeepSeek.Harness.Desktop.Core/DeepSeek.Harness.Desktop.Core.csproj" />
    <Project Path="src/DeepSeek.Harness.Desktop.Infrastructure/DeepSeek.Harness.Desktop.Infrastructure.csproj" />
  </Folder>
  <Folder Name="/tests/">
    <Project Path="tests/DeepSeek.Harness.Desktop.Tests/DeepSeek.Harness.Desktop.Tests.csproj" />
    <Project Path="tests/DeepSeek.Harness.Desktop.Core.Tests/DeepSeek.Harness.Desktop.Core.Tests.csproj" />
    <Project Path="tests/DeepSeek.Harness.Desktop.Infrastructure.Tests/DeepSeek.Harness.Desktop.Infrastructure.Tests.csproj" />
    <Project Path="tests/DeepSeek.Harness.Desktop.PayloadSmoke/DeepSeek.Harness.Desktop.PayloadSmoke.csproj" />
  </Folder>
</Solution>
